
Microsoft Visual Studio Solution File, Format Version 12.00
# Visual Studio Version 16
VisualStudioVersion = 16.0.30523.141
MinimumVisualStudioVersion = 10.0.40219.1
Project("{FAE04EC0-301F-11D3-BF4B-00C04F79EFBC}") = "AS1AChowdhury", "AS1AChowdhury\AS1AChowdhury.csproj", "{D3948BEE-6C5C-47E9-8BA0-BB7833D3B1F8}"
EndProject
Global
	GlobalSection(SolutionConfigurationPlatforms) = preSolution
		Debug|Any CPU = Debug|Any CPU
		Release|Any CPU = Release|Any CPU
	EndGlobalSection
	GlobalSection(ProjectConfigurationPlatforms) = postSolution
		{D3948BEE-6C5C-47E9-8BA0-BB7833D3B1F8}.Debug|Any CPU.ActiveCfg = Debug|Any CPU
		{D3948BEE-6C5C-47E9-8BA0-BB7833D3B1F8}.Debug|Any CPU.Build.0 = Debug|Any CPU
		{D3948BEE-6C5C-47E9-8BA0-BB7833D3B1F8}.Release|Any CPU.ActiveCfg = Release|Any CPU
		{D3948BEE-6C5C-47E9-8BA0-BB7833D3B1F8}.Release|Any CPU.Build.0 = Release|Any CPU
	EndGlobalSection
	GlobalSection(SolutionProperties) = preSolution
		HideSolutionNode = FALSE
	EndGlobalSection
	GlobalSection(ExtensibilityGlobals) = postSolution
		SolutionGuid = {347785F8-5C0A-4105-9502-476D35AB305B}
	EndGlobalSection
EndGlobal
